
Microsoft Visual Studio Solution File, Format Version 12.00
# Visual Studio Version 16
VisualStudioVersion = 16.0.30804.86
MinimumVisualStudioVersion = 10.0.40219.1
Project("{FAE04EC0-301F-11D3-BF4B-00C04F79EFBC}") = "VatValidation", "VatValidation\VatValidation.csproj", "{C2367060-AA04-46E7-995C-850170984411}"
EndProject
Global
	GlobalSection(SolutionConfigurationPlatforms) = preSolution
		Debug|Any CPU = Debug|Any CPU
		Release|Any CPU = Release|Any CPU
	EndGlobalSection
	GlobalSection(ProjectConfigurationPlatforms) = postSolution
		{C2367060-AA04-46E7-995C-850170984411}.Debug|Any CPU.ActiveCfg = Debug|Any CPU
		{C2367060-AA04-46E7-995C-850170984411}.Debug|Any CPU.Build.0 = Debug|Any CPU
		{C2367060-AA04-46E7-995C-850170984411}.Release|Any CPU.ActiveCfg = Release|Any CPU
		{C2367060-AA04-46E7-995C-850170984411}.Release|Any CPU.Build.0 = Release|Any CPU
	EndGlobalSection
	GlobalSection(SolutionProperties) = preSolution
		HideSolutionNode = FALSE
	EndGlobalSection
	GlobalSection(ExtensibilityGlobals) = postSolution
		SolutionGuid = {09605DEF-4800-42E9-A89E-02A8F84BD243}
	EndGlobalSection
EndGlobal
